
Microsoft Visual Studio Solution File, Format Version 12.00
Project("{FAE04EC0-301F-11D3-BF4B-00C04F79EFBC}") = "game", "game\game.csproj", "{B0142252-C31E-4972-97DC-DFEFCF82B17A}"
EndProject
Global
	GlobalSection(SolutionConfigurationPlatforms) = preSolution
		Debug|Any CPU = Debug|Any CPU
		Release|Any CPU = Release|Any CPU
	EndGlobalSection
	GlobalSection(ProjectConfigurationPlatforms) = postSolution
		{B0142252-C31E-4972-97DC-DFEFCF82B17A}.Debug|Any CPU.ActiveCfg = Debug|Any CPU
		{B0142252-C31E-4972-97DC-DFEFCF82B17A}.Debug|Any CPU.Build.0 = Debug|Any CPU
		{B0142252-C31E-4972-97DC-DFEFCF82B17A}.Release|Any CPU.ActiveCfg = Release|Any CPU
		{B0142252-C31E-4972-97DC-DFEFCF82B17A}.Release|Any CPU.Build.0 = Release|Any CPU
	EndGlobalSection
EndGlobal
